
Microsoft Visual Studio Solution File, Format Version 11.00
# Visual Studio 2010
Project("{FAE04EC0-301F-11D3-BF4B-00C04F79EFBC}") = "WCFSocmedProcessing", "WCFSocmedProcessing\WCFSocmedProcessing.csproj", "{F07B9E37-EF12-49BE-8656-81CF30F1DF76}"
EndProject
Global
	GlobalSection(SolutionConfigurationPlatforms) = preSolution
		Debug|Any CPU = Debug|Any CPU
		Release|Any CPU = Release|Any CPU
	EndGlobalSection
	GlobalSection(ProjectConfigurationPlatforms) = postSolution
		{F07B9E37-EF12-49BE-8656-81CF30F1DF76}.Debug|Any CPU.ActiveCfg = Debug|Any CPU
		{F07B9E37-EF12-49BE-8656-81CF30F1DF76}.Debug|Any CPU.Build.0 = Debug|Any CPU
		{F07B9E37-EF12-49BE-8656-81CF30F1DF76}.Release|Any CPU.ActiveCfg = Release|Any CPU
		{F07B9E37-EF12-49BE-8656-81CF30F1DF76}.Release|Any CPU.Build.0 = Release|Any CPU
	EndGlobalSection
	GlobalSection(SolutionProperties) = preSolution
		HideSolutionNode = FALSE
	EndGlobalSection
EndGlobal
