
Microsoft Visual Studio Solution File, Format Version 11.00
# Visual Studio 2010
Project("{FAE04EC0-301F-11D3-BF4B-00C04F79EFBC}") = "WCFSocmedProcessing", "WCFSocmedProcessing\WCFSocmedProcessing.csproj", "{F07B9E37-EF12-49BE-8656-81CF30F1DF76}"
EndProject
Project("{FAE04EC0-301F-11D3-BF4B-00C04F79EFBC}") = "TestServiceConsole", "TestServiceConsole\TestServiceConsole.csproj", "{8262A15E-F636-4528-827B-1A7494887EC0}"
	ProjectSection(ProjectDependencies) = postProject
		{F07B9E37-EF12-49BE-8656-81CF30F1DF76} = {F07B9E37-EF12-49BE-8656-81CF30F1DF76}
	EndProjectSection
EndProject
Global
	GlobalSection(SolutionConfigurationPlatforms) = preSolution
		Debug|Any CPU = Debug|Any CPU
		Debug|Mixed Platforms = Debug|Mixed Platforms
		Debug|x86 = Debug|x86
		Release|Any CPU = Release|Any CPU
		Release|Mixed Platforms = Release|Mixed Platforms
		Release|x86 = Release|x86
	EndGlobalSection
	GlobalSection(ProjectConfigurationPlatforms) = postSolution
		{F07B9E37-EF12-49BE-8656-81CF30F1DF76}.Debug|Any CPU.ActiveCfg = Debug|Any CPU
		{F07B9E37-EF12-49BE-8656-81CF30F1DF76}.Debug|Any CPU.Build.0 = Debug|Any CPU
		{F07B9E37-EF12-49BE-8656-81CF30F1DF76}.Debug|Mixed Platforms.ActiveCfg = Debug|Any CPU
		{F07B9E37-EF12-49BE-8656-81CF30F1DF76}.Debug|Mixed Platforms.Build.0 = Debug|Any CPU
		{F07B9E37-EF12-49BE-8656-81CF30F1DF76}.Debug|x86.ActiveCfg = Debug|Any CPU
		{F07B9E37-EF12-49BE-8656-81CF30F1DF76}.Release|Any CPU.ActiveCfg = Release|Any CPU
		{F07B9E37-EF12-49BE-8656-81CF30F1DF76}.Release|Any CPU.Build.0 = Release|Any CPU
		{F07B9E37-EF12-49BE-8656-81CF30F1DF76}.Release|Mixed Platforms.ActiveCfg = Release|Any CPU
		{F07B9E37-EF12-49BE-8656-81CF30F1DF76}.Release|Mixed Platforms.Build.0 = Release|Any CPU
		{F07B9E37-EF12-49BE-8656-81CF30F1DF76}.Release|x86.ActiveCfg = Release|Any CPU
		{8262A15E-F636-4528-827B-1A7494887EC0}.Debug|Any CPU.ActiveCfg = Debug|x86
		{8262A15E-F636-4528-827B-1A7494887EC0}.Debug|Mixed Platforms.ActiveCfg = Debug|x86
		{8262A15E-F636-4528-827B-1A7494887EC0}.Debug|Mixed Platforms.Build.0 = Debug|x86
		{8262A15E-F636-4528-827B-1A7494887EC0}.Debug|x86.ActiveCfg = Debug|x86
		{8262A15E-F636-4528-827B-1A7494887EC0}.Debug|x86.Build.0 = Debug|x86
		{8262A15E-F636-4528-827B-1A7494887EC0}.Release|Any CPU.ActiveCfg = Release|x86
		{8262A15E-F636-4528-827B-1A7494887EC0}.Release|Mixed Platforms.ActiveCfg = Release|x86
		{8262A15E-F636-4528-827B-1A7494887EC0}.Release|Mixed Platforms.Build.0 = Release|x86
		{8262A15E-F636-4528-827B-1A7494887EC0}.Release|x86.ActiveCfg = Release|x86
		{8262A15E-F636-4528-827B-1A7494887EC0}.Release|x86.Build.0 = Release|x86
	EndGlobalSection
	GlobalSection(SolutionProperties) = preSolution
		HideSolutionNode = FALSE
	EndGlobalSection
EndGlobal
